<Solution>
  <Folder Name="/src/">
    <Project Path="src/Caliber.Webhooks/Caliber.Webhooks.csproj" />
  </Folder>
  <Folder Name="/tests/">
    <Project Path="tests/Caliber.Webhooks.Tests/Caliber.Webhooks.Tests.csproj" />
  </Folder>
  <Folder Name="/benchmarks/">
    <Project Path="benchmarks/Caliber.Webhooks.Benchmarks/Caliber.Webhooks.Benchmarks.csproj" />
  </Folder>
</Solution>
